
Microsoft Visual Studio Solution File, Format Version 12.00
# Visual Studio Version 17
VisualStudioVersion = 17.7.34009.444
MinimumVisualStudioVersion = 10.0.40219.1
Project("{9A19103F-16F7-4668-BE54-9A1E7A4F7556}") = "redux", "lib\src\redux\redux.csproj", "{C001A48B-5E0A-48DC-A7C1-C79BF54197CB}"
EndProject
Project("{9A19103F-16F7-4668-BE54-9A1E7A4F7556}") = "component", "lib\src\component\component.csproj", "{3CCC47F5-13B0-4770-B6C2-C81B7FFD018D}"
EndProject
Project("{2150E333-8FDC-42A3-9474-1A3956D46DE8}") = "example", "example", "{7891BAB7-ABFC-4945-807C-58FE4BF08BAD}"
EndProject
Project("{9A19103F-16F7-4668-BE54-9A1E7A4F7556}") = "samples", "example\samples\samples.csproj", "{90ECC504-171A-4517-ACF3-A4CA95FD7FAC}"
EndProject
Project("{9A19103F-16F7-4668-BE54-9A1E7A4F7556}") = "example", "example\example\example.csproj", "{86553EBD-9D2C-4E14-B68E-F349A57F157A}"
EndProject
Project("{9A19103F-16F7-4668-BE54-9A1E7A4F7556}") = "example.Android", "example\example.Android\example.Android.csproj", "{0C4C8F94-6BD0-4907-9913-876B3A67CE87}"
EndProject
Project("{9A19103F-16F7-4668-BE54-9A1E7A4F7556}") = "example.Desktop", "example\example.Desktop\example.Desktop.csproj", "{2B143D59-2F6A-4452-AD5E-8EA21F13B819}"
EndProject
Project("{9A19103F-16F7-4668-BE54-9A1E7A4F7556}") = "example.iOS", "example\example.iOS\example.iOS.csproj", "{331F29FE-907A-48BF-AEE7-4FAD987D406D}"
EndProject
Project("{9A19103F-16F7-4668-BE54-9A1E7A4F7556}") = "example.Browser", "example\example.Browser\example.Browser.csproj", "{65A94F75-91D4-4F9D-8DD5-13D808C2F66C}"
EndProject
Project("{2150E333-8FDC-42A3-9474-1A3956D46DE8}") = "lib", "lib", "{5143A9F8-5429-44E4-A469-606CDAAB60BD}"
EndProject
Project("{2150E333-8FDC-42A3-9474-1A3956D46DE8}") = "src", "src", "{521A4923-2956-4C8C-A3C3-F8DDDA89EDAE}"
EndProject
Project("{2150E333-8FDC-42A3-9474-1A3956D46DE8}") = "test", "test", "{66B83C87-D910-477F-B36A-EAF202595E33}"
EndProject
Project("{2150E333-8FDC-42A3-9474-1A3956D46DE8}") = "test", "test", "{66A6008C-E8C3-41D5-BDFC-94987D8D5DFF}"
EndProject
Project("{9A19103F-16F7-4668-BE54-9A1E7A4F7556}") = "samples_test", "example\test\samples_test\samples_test.csproj", "{A6963A05-DBD3-44ED-B2D0-3E76958B7534}"
EndProject
Project("{2150E333-8FDC-42A3-9474-1A3956D46DE8}") = "settings", "settings", "{77BAB19D-5114-44DF-ABF5-E61A9B57EE95}"
	ProjectSection(SolutionItems) = preProject
		.editorconfig = .editorconfig
	EndProjectSection
EndProject
Project("{FAE04EC0-301F-11D3-BF4B-00C04F79EFBC}") = "Avalonia.Redux.Test", "test\Avalonia.Redux.Test\Avalonia.Redux.Test.csproj", "{C85FF2A6-A971-42DF-86B8-87C3A73417FE}"
EndProject
Project("{2150E333-8FDC-42A3-9474-1A3956D46DE8}") = "samples", "samples", "{1955791D-70B6-4D1D-A955-6F2CB71668EA}"
EndProject
Project("{FAE04EC0-301F-11D3-BF4B-00C04F79EFBC}") = "samples", "samples\samples\samples.csproj", "{8CD059BD-E9C6-43B6-AE2D-3F6AF67A9EBC}"
EndProject
Project("{FAE04EC0-301F-11D3-BF4B-00C04F79EFBC}") = "samples.Android", "samples\samples.Android\samples.Android.csproj", "{C046C283-771C-49F4-85A0-A47639BD50D0}"
EndProject
Project("{FAE04EC0-301F-11D3-BF4B-00C04F79EFBC}") = "samples.Desktop", "samples\samples.Desktop\samples.Desktop.csproj", "{64BBBA25-BE4C-49A9-8E11-AF1C3440EC81}"
EndProject
Project("{FAE04EC0-301F-11D3-BF4B-00C04F79EFBC}") = "samples.iOS", "samples\samples.iOS\samples.iOS.csproj", "{F3069911-BD1C-4F75-A5E8-8632E4D1767D}"
EndProject
Project("{FAE04EC0-301F-11D3-BF4B-00C04F79EFBC}") = "samples.Browser", "samples\samples.Browser\samples.Browser.csproj", "{4565CBE8-A443-44BC-8BAA-46A0F0A447F6}"
EndProject
Global
	GlobalSection(SolutionConfigurationPlatforms) = preSolution
		Debug|Any CPU = Debug|Any CPU
		Release|Any CPU = Release|Any CPU
	EndGlobalSection
	GlobalSection(ProjectConfigurationPlatforms) = postSolution
		{C001A48B-5E0A-48DC-A7C1-C79BF54197CB}.Debug|Any CPU.ActiveCfg = Debug|Any CPU
		{C001A48B-5E0A-48DC-A7C1-C79BF54197CB}.Debug|Any CPU.Build.0 = Debug|Any CPU
		{C001A48B-5E0A-48DC-A7C1-C79BF54197CB}.Release|Any CPU.ActiveCfg = Release|Any CPU
		{C001A48B-5E0A-48DC-A7C1-C79BF54197CB}.Release|Any CPU.Build.0 = Release|Any CPU
		{3CCC47F5-13B0-4770-B6C2-C81B7FFD018D}.Debug|Any CPU.ActiveCfg = Debug|Any CPU
		{3CCC47F5-13B0-4770-B6C2-C81B7FFD018D}.Debug|Any CPU.Build.0 = Debug|Any CPU
		{3CCC47F5-13B0-4770-B6C2-C81B7FFD018D}.Release|Any CPU.ActiveCfg = Release|Any CPU
		{3CCC47F5-13B0-4770-B6C2-C81B7FFD018D}.Release|Any CPU.Build.0 = Release|Any CPU
		{90ECC504-171A-4517-ACF3-A4CA95FD7FAC}.Debug|Any CPU.ActiveCfg = Debug|Any CPU
		{90ECC504-171A-4517-ACF3-A4CA95FD7FAC}.Debug|Any CPU.Build.0 = Debug|Any CPU
		{90ECC504-171A-4517-ACF3-A4CA95FD7FAC}.Release|Any CPU.ActiveCfg = Release|Any CPU
		{90ECC504-171A-4517-ACF3-A4CA95FD7FAC}.Release|Any CPU.Build.0 = Release|Any CPU
		{86553EBD-9D2C-4E14-B68E-F349A57F157A}.Debug|Any CPU.ActiveCfg = Debug|Any CPU
		{86553EBD-9D2C-4E14-B68E-F349A57F157A}.Debug|Any CPU.Build.0 = Debug|Any CPU
		{86553EBD-9D2C-4E14-B68E-F349A57F157A}.Release|Any CPU.ActiveCfg = Release|Any CPU
		{86553EBD-9D2C-4E14-B68E-F349A57F157A}.Release|Any CPU.Build.0 = Release|Any CPU
		{0C4C8F94-6BD0-4907-9913-876B3A67CE87}.Debug|Any CPU.ActiveCfg = Debug|Any CPU
		{0C4C8F94-6BD0-4907-9913-876B3A67CE87}.Debug|Any CPU.Build.0 = Debug|Any CPU
		{0C4C8F94-6BD0-4907-9913-876B3A67CE87}.Release|Any CPU.ActiveCfg = Release|Any CPU
		{0C4C8F94-6BD0-4907-9913-876B3A67CE87}.Release|Any CPU.Build.0 = Release|Any CPU
		{2B143D59-2F6A-4452-AD5E-8EA21F13B819}.Debug|Any CPU.ActiveCfg = Debug|Any CPU
		{2B143D59-2F6A-4452-AD5E-8EA21F13B819}.Debug|Any CPU.Build.0 = Debug|Any CPU
		{2B143D59-2F6A-4452-AD5E-8EA21F13B819}.Release|Any CPU.ActiveCfg = Release|Any CPU
		{2B143D59-2F6A-4452-AD5E-8EA21F13B819}.Release|Any CPU.Build.0 = Release|Any CPU
		{331F29FE-907A-48BF-AEE7-4FAD987D406D}.Debug|Any CPU.ActiveCfg = Debug|Any CPU
		{331F29FE-907A-48BF-AEE7-4FAD987D406D}.Debug|Any CPU.Build.0 = Debug|Any CPU
		{331F29FE-907A-48BF-AEE7-4FAD987D406D}.Release|Any CPU.ActiveCfg = Release|Any CPU
		{331F29FE-907A-48BF-AEE7-4FAD987D406D}.Release|Any CPU.Build.0 = Release|Any CPU
		{65A94F75-91D4-4F9D-8DD5-13D808C2F66C}.Debug|Any CPU.ActiveCfg = Debug|Any CPU
		{65A94F75-91D4-4F9D-8DD5-13D808C2F66C}.Debug|Any CPU.Build.0 = Debug|Any CPU
		{65A94F75-91D4-4F9D-8DD5-13D808C2F66C}.Release|Any CPU.ActiveCfg = Release|Any CPU
		{65A94F75-91D4-4F9D-8DD5-13D808C2F66C}.Release|Any CPU.Build.0 = Release|Any CPU
		{A6963A05-DBD3-44ED-B2D0-3E76958B7534}.Debug|Any CPU.ActiveCfg = Debug|Any CPU
		{A6963A05-DBD3-44ED-B2D0-3E76958B7534}.Debug|Any CPU.Build.0 = Debug|Any CPU
		{A6963A05-DBD3-44ED-B2D0-3E76958B7534}.Release|Any CPU.ActiveCfg = Release|Any CPU
		{A6963A05-DBD3-44ED-B2D0-3E76958B7534}.Release|Any CPU.Build.0 = Release|Any CPU
		{C85FF2A6-A971-42DF-86B8-87C3A73417FE}.Debug|Any CPU.ActiveCfg = Debug|Any CPU
		{C85FF2A6-A971-42DF-86B8-87C3A73417FE}.Debug|Any CPU.Build.0 = Debug|Any CPU
		{C85FF2A6-A971-42DF-86B8-87C3A73417FE}.Release|Any CPU.ActiveCfg = Release|Any CPU
		{C85FF2A6-A971-42DF-86B8-87C3A73417FE}.Release|Any CPU.Build.0 = Release|Any CPU
		{8CD059BD-E9C6-43B6-AE2D-3F6AF67A9EBC}.Debug|Any CPU.ActiveCfg = Debug|Any CPU
		{8CD059BD-E9C6-43B6-AE2D-3F6AF67A9EBC}.Debug|Any CPU.Build.0 = Debug|Any CPU
		{8CD059BD-E9C6-43B6-AE2D-3F6AF67A9EBC}.Release|Any CPU.ActiveCfg = Release|Any CPU
		{8CD059BD-E9C6-43B6-AE2D-3F6AF67A9EBC}.Release|Any CPU.Build.0 = Release|Any CPU
		{C046C283-771C-49F4-85A0-A47639BD50D0}.Debug|Any CPU.ActiveCfg = Debug|Any CPU
		{C046C283-771C-49F4-85A0-A47639BD50D0}.Debug|Any CPU.Build.0 = Debug|Any CPU
		{C046C283-771C-49F4-85A0-A47639BD50D0}.Debug|Any CPU.Deploy.0 = Debug|Any CPU
		{C046C283-771C-49F4-85A0-A47639BD50D0}.Release|Any CPU.ActiveCfg = Release|Any CPU
		{C046C283-771C-49F4-85A0-A47639BD50D0}.Release|Any CPU.Build.0 = Release|Any CPU
		{C046C283-771C-49F4-85A0-A47639BD50D0}.Release|Any CPU.Deploy.0 = Release|Any CPU
		{64BBBA25-BE4C-49A9-8E11-AF1C3440EC81}.Debug|Any CPU.ActiveCfg = Debug|Any CPU
		{64BBBA25-BE4C-49A9-8E11-AF1C3440EC81}.Debug|Any CPU.Build.0 = Debug|Any CPU
		{64BBBA25-BE4C-49A9-8E11-AF1C3440EC81}.Release|Any CPU.ActiveCfg = Release|Any CPU
		{64BBBA25-BE4C-49A9-8E11-AF1C3440EC81}.Release|Any CPU.Build.0 = Release|Any CPU
		{F3069911-BD1C-4F75-A5E8-8632E4D1767D}.Debug|Any CPU.ActiveCfg = Debug|Any CPU
		{F3069911-BD1C-4F75-A5E8-8632E4D1767D}.Debug|Any CPU.Build.0 = Debug|Any CPU
		{F3069911-BD1C-4F75-A5E8-8632E4D1767D}.Debug|Any CPU.Deploy.0 = Debug|Any CPU
		{F3069911-BD1C-4F75-A5E8-8632E4D1767D}.Release|Any CPU.ActiveCfg = Release|Any CPU
		{F3069911-BD1C-4F75-A5E8-8632E4D1767D}.Release|Any CPU.Build.0 = Release|Any CPU
		{F3069911-BD1C-4F75-A5E8-8632E4D1767D}.Release|Any CPU.Deploy.0 = Release|Any CPU
		{4565CBE8-A443-44BC-8BAA-46A0F0A447F6}.Debug|Any CPU.ActiveCfg = Debug|Any CPU
		{4565CBE8-A443-44BC-8BAA-46A0F0A447F6}.Debug|Any CPU.Build.0 = Debug|Any CPU
		{4565CBE8-A443-44BC-8BAA-46A0F0A447F6}.Release|Any CPU.ActiveCfg = Release|Any CPU
		{4565CBE8-A443-44BC-8BAA-46A0F0A447F6}.Release|Any CPU.Build.0 = Release|Any CPU
	EndGlobalSection
	GlobalSection(SolutionProperties) = preSolution
		HideSolutionNode = FALSE
	EndGlobalSection
	GlobalSection(NestedProjects) = preSolution
		{C001A48B-5E0A-48DC-A7C1-C79BF54197CB} = {521A4923-2956-4C8C-A3C3-F8DDDA89EDAE}
		{3CCC47F5-13B0-4770-B6C2-C81B7FFD018D} = {521A4923-2956-4C8C-A3C3-F8DDDA89EDAE}
		{90ECC504-171A-4517-ACF3-A4CA95FD7FAC} = {7891BAB7-ABFC-4945-807C-58FE4BF08BAD}
		{86553EBD-9D2C-4E14-B68E-F349A57F157A} = {7891BAB7-ABFC-4945-807C-58FE4BF08BAD}
		{0C4C8F94-6BD0-4907-9913-876B3A67CE87} = {7891BAB7-ABFC-4945-807C-58FE4BF08BAD}
		{2B143D59-2F6A-4452-AD5E-8EA21F13B819} = {7891BAB7-ABFC-4945-807C-58FE4BF08BAD}
		{331F29FE-907A-48BF-AEE7-4FAD987D406D} = {7891BAB7-ABFC-4945-807C-58FE4BF08BAD}
		{65A94F75-91D4-4F9D-8DD5-13D808C2F66C} = {7891BAB7-ABFC-4945-807C-58FE4BF08BAD}
		{521A4923-2956-4C8C-A3C3-F8DDDA89EDAE} = {5143A9F8-5429-44E4-A469-606CDAAB60BD}
		{66A6008C-E8C3-41D5-BDFC-94987D8D5DFF} = {7891BAB7-ABFC-4945-807C-58FE4BF08BAD}
		{A6963A05-DBD3-44ED-B2D0-3E76958B7534} = {66A6008C-E8C3-41D5-BDFC-94987D8D5DFF}
		{C85FF2A6-A971-42DF-86B8-87C3A73417FE} = {66B83C87-D910-477F-B36A-EAF202595E33}
		{8CD059BD-E9C6-43B6-AE2D-3F6AF67A9EBC} = {1955791D-70B6-4D1D-A955-6F2CB71668EA}
		{C046C283-771C-49F4-85A0-A47639BD50D0} = {1955791D-70B6-4D1D-A955-6F2CB71668EA}
		{64BBBA25-BE4C-49A9-8E11-AF1C3440EC81} = {1955791D-70B6-4D1D-A955-6F2CB71668EA}
		{F3069911-BD1C-4F75-A5E8-8632E4D1767D} = {1955791D-70B6-4D1D-A955-6F2CB71668EA}
		{4565CBE8-A443-44BC-8BAA-46A0F0A447F6} = {1955791D-70B6-4D1D-A955-6F2CB71668EA}
	EndGlobalSection
	GlobalSection(ExtensibilityGlobals) = postSolution
		SolutionGuid = {AB022289-FEA3-4173-B400-4BE333E3D614}
	EndGlobalSection
EndGlobal
